
Microsoft Visual Studio Solution File, Format Version 12.00
# Visual Studio Version 17
VisualStudioVersion = 17.14.36401.2
MinimumVisualStudioVersion = 10.0.40219.1
Project("{FAE04EC0-301F-11D3-BF4B-00C04F79EFBC}") = "IndustrialCameraManager", "IndustrialCameraManager\IndustrialCameraManager.csproj", "{F7AB3012-8D43-447D-A716-230BB5052D16}"
EndProject
Project("{FAE04EC0-301F-11D3-BF4B-00C04F79EFBC}") = "IndustialSolution.Test", "IndustialSolution.Test\IndustialSolution.Test.csproj", "{E3BD624C-B410-4C36-920B-0B9F3938EE13}"
EndProject
Project("{2150E333-8FDC-42A3-9474-1A3956D46DE8}") = "Solution Items", "Solution Items", "{02EA681E-C7D8-13C7-8484-4AC65E1B71E8}"
	ProjectSection(SolutionItems) = preProject
		Directory.Packages.props = Directory.Packages.props
	EndProjectSection
EndProject
Global
	GlobalSection(SolutionConfigurationPlatforms) = preSolution
		Debug|Any CPU = Debug|Any CPU
		Release|Any CPU = Release|Any CPU
	EndGlobalSection
	GlobalSection(ProjectConfigurationPlatforms) = postSolution
		{F7AB3012-8D43-447D-A716-230BB5052D16}.Debug|Any CPU.ActiveCfg = Debug|Any CPU
		{F7AB3012-8D43-447D-A716-230BB5052D16}.Debug|Any CPU.Build.0 = Debug|Any CPU
		{F7AB3012-8D43-447D-A716-230BB5052D16}.Release|Any CPU.ActiveCfg = Release|Any CPU
		{F7AB3012-8D43-447D-A716-230BB5052D16}.Release|Any CPU.Build.0 = Release|Any CPU
		{E3BD624C-B410-4C36-920B-0B9F3938EE13}.Debug|Any CPU.ActiveCfg = Debug|Any CPU
		{E3BD624C-B410-4C36-920B-0B9F3938EE13}.Debug|Any CPU.Build.0 = Debug|Any CPU
		{E3BD624C-B410-4C36-920B-0B9F3938EE13}.Release|Any CPU.ActiveCfg = Release|Any CPU
		{E3BD624C-B410-4C36-920B-0B9F3938EE13}.Release|Any CPU.Build.0 = Release|Any CPU
	EndGlobalSection
	GlobalSection(SolutionProperties) = preSolution
		HideSolutionNode = FALSE
	EndGlobalSection
	GlobalSection(ExtensibilityGlobals) = postSolution
		SolutionGuid = {B235684A-5B51-4930-ABC0-901EC7815792}
	EndGlobalSection
EndGlobal
